{
    "name": "app-service-hello-world",
    "version": "0.0.1",
    "lockfileVersion": 1,
    "requires": true,
    "dependencies": {
        "azure_dependency": {
            "version": "git+https://github.com/johngrabner/azure_dependency.git#56afb697d1f73eda88f845b0ccfec50c4e23e080"
        }
    }
}
