{
    "name": "app-service-hello-world",
    "version": "0.0.1",
    "lockfileVersion": 1,
    "requires": true,
    "dependencies": {
        "purple_shared_enums_pic_pi": {
            "version": "git+https://github.com/johngrabner/purple_shared_enums_PIC_PI.git#6848632894e78b268aba0b6478ab89e6a5e235ff"
        }
    }
}
